
Microsoft Visual Studio Solution File, Format Version 12.00
# Visual Studio Version 17
VisualStudioVersion = 17.11.35208.52
MinimumVisualStudioVersion = 10.0.40219.1
Project("{FAE04EC0-301F-11D3-BF4B-00C04F79EFBC}") = "Practical3", "Practical3\Practical3.csproj", "{9811C764-0F80-46F0-8962-4F2AB8D1E6F1}"
EndProject
Global
	GlobalSection(SolutionConfigurationPlatforms) = preSolution
		Debug|Any CPU = Debug|Any CPU
		Release|Any CPU = Release|Any CPU
	EndGlobalSection
	GlobalSection(ProjectConfigurationPlatforms) = postSolution
		{9811C764-0F80-46F0-8962-4F2AB8D1E6F1}.Debug|Any CPU.ActiveCfg = Debug|Any CPU
		{9811C764-0F80-46F0-8962-4F2AB8D1E6F1}.Debug|Any CPU.Build.0 = Debug|Any CPU
		{9811C764-0F80-46F0-8962-4F2AB8D1E6F1}.Release|Any CPU.ActiveCfg = Release|Any CPU
		{9811C764-0F80-46F0-8962-4F2AB8D1E6F1}.Release|Any CPU.Build.0 = Release|Any CPU
	EndGlobalSection
	GlobalSection(SolutionProperties) = preSolution
		HideSolutionNode = FALSE
	EndGlobalSection
	GlobalSection(ExtensibilityGlobals) = postSolution
		SolutionGuid = {224A640E-FEBF-4869-A010-4DFD0F29453B}
	EndGlobalSection
EndGlobal
